// !$*UTF8*$!
{
	archiveVersion = 1;
	classes = {
	};
	objectVersion = 50;
	objects = {

/* Begin PBXBuildFile section */
		D35B8B50211848E600F61941 /* main.mm in Sources */ = {isa = PBXBuildFile; fileRef = D35B8B4F211848E600F61941 /* main.mm */; };
		D35B8B582118496B00F61941 /* Likai_SichuanDaxue.cpp in Sources */ = {isa = PBXBuildFile; fileRef = D35B8B562118496B00F61941 /* Likai_SichuanDaxue.cpp */; };
		D3909BE92179C35300F28CE0 /* person.mm in Sources */ = {isa = PBXBuildFile; fileRef = D3909BE72179C35300F28CE0 /* person.mm */; };
		D3A3AB3B21933091006E3B0E /* WXCEngineConfigMgr.mm in Sources */ = {isa = PBXBuildFile; fileRef = D3A3AB3921933091006E3B0E /* WXCEngineConfigMgr.mm */; };
		D3BD63002137DF360089DBB8 /* UnitTest.m in Sources */ = {isa = PBXBuildFile; fileRef = D3BD62FF2137DF360089DBB8 /* UnitTest.m */; };
/* End PBXBuildFile section */

/* Begin PBXCopyFilesBuildPhase section */
		D35B8B4A211848E600F61941 /* CopyFiles */ = {
			isa = PBXCopyFilesBuildPhase;
			buildActionMask = 2147483647;
			dstPath = /usr/share/man/man1/;
			dstSubfolderSpec = 0;
			files = (
			);
			runOnlyForDeploymentPostprocessing = 1;
		};
/* End PBXCopyFilesBuildPhase section */

/* Begin PBXFileReference section */
		D35B8B4C211848E600F61941 /* Campus */ = {isa = PBXFileReference; explicitFileType = "compiled.mach-o.executable"; includeInIndex = 0; path = Campus; sourceTree = BUILT_PRODUCTS_DIR; };
		D35B8B4F211848E600F61941 /* main.mm */ = {isa = PBXFileReference; lastKnownFileType = sourcecode.cpp.objcpp; path = main.mm; sourceTree = "<group>"; };
		D35B8B562118496B00F61941 /* Likai_SichuanDaxue.cpp */ = {isa = PBXFileReference; lastKnownFileType = sourcecode.cpp.cpp; path = Likai_SichuanDaxue.cpp; sourceTree = "<group>"; };
		D35B8B572118496B00F61941 /* Likai_SichuanDaxue.hpp */ = {isa = PBXFileReference; lastKnownFileType = sourcecode.cpp.h; path = Likai_SichuanDaxue.hpp; sourceTree = "<group>"; };
		D3909BE72179C35300F28CE0 /* person.mm */ = {isa = PBXFileReference; lastKnownFileType = sourcecode.cpp.objcpp; path = person.mm; sourceTree = "<group>"; };
		D3909BE82179C35300F28CE0 /* person.hpp */ = {isa = PBXFileReference; lastKnownFileType = sourcecode.cpp.h; path = person.hpp; sourceTree = "<group>"; };
		D3A3AB3921933091006E3B0E /* WXCEngineConfigMgr.mm */ = {isa = PBXFileReference; fileEncoding = 4; lastKnownFileType = sourcecode.cpp.objcpp; path = WXCEngineConfigMgr.mm; sourceTree = "<group>"; };
		D3A3AB3A21933091006E3B0E /* WXCEngineConfigMgr.h */ = {isa = PBXFileReference; fileEncoding = 4; lastKnownFileType = sourcecode.c.h; path = WXCEngineConfigMgr.h; sourceTree = "<group>"; };
		D3BD62FE2137DF360089DBB8 /* UnitTest.h */ = {isa = PBXFileReference; lastKnownFileType = sourcecode.c.h; path = UnitTest.h; sourceTree = "<group>"; };
		D3BD62FF2137DF360089DBB8 /* UnitTest.m */ = {isa = PBXFileReference; lastKnownFileType = sourcecode.c.objc; path = UnitTest.m; sourceTree = "<group>"; };
		D3BD63012137E0180089DBB8 /* WXCCommonDef.h */ = {isa = PBXFileReference; lastKnownFileType = sourcecode.c.h; path = WXCCommonDef.h; sourceTree = "<group>"; };
/* End PBXFileReference section */

/* Begin PBXFrameworksBuildPhase section */
		D35B8B49211848E600F61941 /* Frameworks */ = {
			isa = PBXFrameworksBuildPhase;
			buildActionMask = 2147483647;
			files = (
			);
			runOnlyForDeploymentPostprocessing = 0;
		};
/* End PBXFrameworksBuildPhase section */

/* Begin PBXGroup section */
		D35B8B43211848E600F61941 = {
			isa = PBXGroup;
			children = (
				D35B8B4E211848E600F61941 /* Campus */,
				D35B8B4D211848E600F61941 /* Products */,
			);
			sourceTree = "<group>";
		};
		D35B8B4D211848E600F61941 /* Products */ = {
			isa = PBXGroup;
			children = (
				D35B8B4C211848E600F61941 /* Campus */,
			);
			name = Products;
			sourceTree = "<group>";
		};
		D35B8B4E211848E600F61941 /* Campus */ = {
			isa = PBXGroup;
			children = (
				D35B8B4F211848E600F61941 /* main.mm */,
				D35B8B562118496B00F61941 /* Likai_SichuanDaxue.cpp */,
				D35B8B572118496B00F61941 /* Likai_SichuanDaxue.hpp */,
				D3BD62FE2137DF360089DBB8 /* UnitTest.h */,
				D3BD62FF2137DF360089DBB8 /* UnitTest.m */,
				D3BD63012137E0180089DBB8 /* WXCCommonDef.h */,
				D3909BE72179C35300F28CE0 /* person.mm */,
				D3909BE82179C35300F28CE0 /* person.hpp */,
				D3A3AB3A21933091006E3B0E /* WXCEngineConfigMgr.h */,
				D3A3AB3921933091006E3B0E /* WXCEngineConfigMgr.mm */,
			);
			path = Campus;
			sourceTree = "<group>";
		};
/* End PBXGroup section */

/* Begin PBXNativeTarget section */
		D35B8B4B211848E600F61941 /* Campus */ = {
			isa = PBXNativeTarget;
			buildConfigurationList = D35B8B53211848E600F61941 /* Build configuration list for PBXNativeTarget "Campus" */;
			buildPhases = (
				D35B8B48211848E600F61941 /* Sources */,
				D35B8B49211848E600F61941 /* Frameworks */,
				D35B8B4A211848E600F61941 /* CopyFiles */,
			);
			buildRules = (
			);
			dependencies = (
			);
			name = Campus;
			productName = Campus;
			productReference = D35B8B4C211848E600F61941 /* Campus */;
			productType = "com.apple.product-type.tool";
		};
/* End PBXNativeTarget section */

/* Begin PBXProject section */
		D35B8B44211848E600F61941 /* Project object */ = {
			isa = PBXProject;
			attributes = {
				LastUpgradeCheck = 0940;
				ORGANIZATIONNAME = lgg;
				TargetAttributes = {
					D35B8B4B211848E600F61941 = {
						CreatedOnToolsVersion = 9.4.1;
					};
				};
			};
			buildConfigurationList = D35B8B47211848E600F61941 /* Build configuration list for PBXProject "Campus" */;
			compatibilityVersion = "Xcode 9.3";
			developmentRegion = en;
			hasScannedForEncodings = 0;
			knownRegions = (
				en,
			);
			mainGroup = D35B8B43211848E600F61941;
			productRefGroup = D35B8B4D211848E600F61941 /* Products */;
			projectDirPath = "";
			projectRoot = "";
			targets = (
				D35B8B4B211848E600F61941 /* Campus */,
			);
		};
/* End PBXProject section */

/* Begin PBXSourcesBuildPhase section */
		D35B8B48211848E600F61941 /* Sources */ = {
			isa = PBXSourcesBuildPhase;
			buildActionMask = 2147483647;
			files = (
				D3BD63002137DF360089DBB8 /* UnitTest.m in Sources */,
				D3A3AB3B21933091006E3B0E /* WXCEngineConfigMgr.mm in Sources */,
				D35B8B582118496B00F61941 /* Likai_SichuanDaxue.cpp in Sources */,
				D3909BE92179C35300F28CE0 /* person.mm in Sources */,
				D35B8B50211848E600F61941 /* main.mm in Sources */,
			);
			runOnlyForDeploymentPostprocessing = 0;
		};
/* End PBXSourcesBuildPhase section */

/* Begin XCBuildConfiguration section */
		D35B8B51211848E600F61941 /* Debug */ = {
			isa = XCBuildConfiguration;
			buildSettings = {
				ALWAYS_SEARCH_USER_PATHS = NO;
				CLANG_ANALYZER_NONNULL = YES;
				CLANG_ANALYZER_NUMBER_OBJECT_CONVERSION = YES_AGGRESSIVE;
				CLANG_CXX_LANGUAGE_STANDARD = "gnu++14";
				CLANG_CXX_LIBRARY = "libc++";
				CLANG_ENABLE_MODULES = YES;
				CLANG_ENABLE_OBJC_ARC = YES;
				CLANG_ENABLE_OBJC_WEAK = YES;
				CLANG_WARN_BLOCK_CAPTURE_AUTORELEASING = YES;
				CLANG_WARN_BOOL_CONVERSION = YES;
				CLANG_WARN_COMMA = YES;
				CLANG_WARN_CONSTANT_CONVERSION = YES;
				CLANG_WARN_DEPRECATED_OBJC_IMPLEMENTATIONS = YES;
				CLANG_WARN_DIRECT_OBJC_ISA_USAGE = YES_ERROR;
				CLANG_WARN_DOCUMENTATION_COMMENTS = YES;
				CLANG_WARN_EMPTY_BODY = YES;
				CLANG_WARN_ENUM_CONVERSION = YES;
				CLANG_WARN_INFINITE_RECURSION = YES;
				CLANG_WARN_INT_CONVERSION = YES;
				CLANG_WARN_NON_LITERAL_NULL_CONVERSION = YES;
				CLANG_WARN_OBJC_IMPLICIT_RETAIN_SELF = YES;
				CLANG_WARN_OBJC_LITERAL_CONVERSION = YES;
				CLANG_WARN_OBJC_ROOT_CLASS = YES_ERROR;
				CLANG_WARN_RANGE_LOOP_ANALYSIS = YES;
				CLANG_WARN_STRICT_PROTOTYPES = YES;
				CLANG_WARN_SUSPICIOUS_MOVE = YES;
				CLANG_WARN_UNGUARDED_AVAILABILITY = YES_AGGRESSIVE;
				CLANG_WARN_UNREACHABLE_CODE = YES;
				CLANG_WARN__DUPLICATE_METHOD_MATCH = YES;
				CODE_SIGN_IDENTITY = "-";
				COPY_PHASE_STRIP = NO;
				DEBUG_INFORMATION_FORMAT = dwarf;
				ENABLE_STRICT_OBJC_MSGSEND = YES;
				ENABLE_TESTABILITY = YES;
				GCC_C_LANGUAGE_STANDARD = gnu11;
				GCC_DYNAMIC_NO_PIC = NO;
				GCC_NO_COMMON_BLOCKS = YES;
				GCC_OPTIMIZATION_LEVEL = 0;
				GCC_PREPROCESSOR_DEFINITIONS = (
					"DEBUG=1",
					"$(inherited)",
				);
				GCC_WARN_64_TO_32_BIT_CONVERSION = YES;
				GCC_WARN_ABOUT_RETURN_TYPE = YES_ERROR;
				GCC_WARN_UNDECLARED_SELECTOR = YES;
				GCC_WARN_UNINITIALIZED_AUTOS = YES_AGGRESSIVE;
				GCC_WARN_UNUSED_FUNCTION = YES;
				GCC_WARN_UNUSED_VARIABLE = YES;
				MACOSX_DEPLOYMENT_TARGET = 10.13;
				MTL_ENABLE_DEBUG_INFO = YES;
				ONLY_ACTIVE_ARCH = YES;
				SDKROOT = macosx;
			};
			name = Debug;
		};
		D35B8B52211848E600F61941 /* Release */ = {
			isa = XCBuildConfiguration;
			buildSettings = {
				ALWAYS_SEARCH_USER_PATHS = NO;
				CLANG_ANALYZER_NONNULL = YES;
				CLANG_ANALYZER_NUMBER_OBJECT_CONVERSION = YES_AGGRESSIVE;
				CLANG_CXX_LANGUAGE_STANDARD = "gnu++14";
				CLANG_CXX_LIBRARY = "libc++";
				CLANG_ENABLE_MODULES = YES;
				CLANG_ENABLE_OBJC_ARC = YES;
				CLANG_ENABLE_OBJC_WEAK = YES;
				CLANG_WARN_BLOCK_CAPTURE_AUTORELEASING = YES;
				CLANG_WARN_BOOL_CONVERSION = YES;
				CLANG_WARN_COMMA = YES;
				CLANG_WARN_CONSTANT_CONVERSION = YES;
				CLANG_WARN_DEPRECATED_OBJC_IMPLEMENTATIONS = YES;
				CLANG_WARN_DIRECT_OBJC_ISA_USAGE = YES_ERROR;
				CLANG_WARN_DOCUMENTATION_COMMENTS = YES;
				CLANG_WARN_EMPTY_BODY = YES;
				CLANG_WARN_ENUM_CONVERSION = YES;
				CLANG_WARN_INFINITE_RECURSION = YES;
				CLANG_WARN_INT_CONVERSION = YES;
				CLANG_WARN_NON_LITERAL_NULL_CONVERSION = YES;
				CLANG_WARN_OBJC_IMPLICIT_RETAIN_SELF = YES;
				CLANG_WARN_OBJC_LITERAL_CONVERSION = YES;
				CLANG_WARN_OBJC_ROOT_CLASS = YES_ERROR;
				CLANG_WARN_RANGE_LOOP_ANALYSIS = YES;
				CLANG_WARN_STRICT_PROTOTYPES = YES;
				CLANG_WARN_SUSPICIOUS_MOVE = YES;
				CLANG_WARN_UNGUARDED_AVAILABILITY = YES_AGGRESSIVE;
				CLANG_WARN_UNREACHABLE_CODE = YES;
				CLANG_WARN__DUPLICATE_METHOD_MATCH = YES;
				CODE_SIGN_IDENTITY = "-";
				COPY_PHASE_STRIP = NO;
				DEBUG_INFORMATION_FORMAT = "dwarf-with-dsym";
				ENABLE_NS_ASSERTIONS = NO;
				ENABLE_STRICT_OBJC_MSGSEND = YES;
				GCC_C_LANGUAGE_STANDARD = gnu11;
				GCC_NO_COMMON_BLOCKS = YES;
				GCC_WARN_64_TO_32_BIT_CONVERSION = YES;
				GCC_WARN_ABOUT_RETURN_TYPE = YES_ERROR;
				GCC_WARN_UNDECLARED_SELECTOR = YES;
				GCC_WARN_UNINITIALIZED_AUTOS = YES_AGGRESSIVE;
				GCC_WARN_UNUSED_FUNCTION = YES;
				GCC_WARN_UNUSED_VARIABLE = YES;
				MACOSX_DEPLOYMENT_TARGET = 10.13;
				MTL_ENABLE_DEBUG_INFO = NO;
				SDKROOT = macosx;
			};
			name = Release;
		};
		D35B8B54211848E600F61941 /* Debug */ = {
			isa = XCBuildConfiguration;
			buildSettings = {
				CODE_SIGN_STYLE = Automatic;
				PRODUCT_NAME = "$(TARGET_NAME)";
			};
			name = Debug;
		};
		D35B8B55211848E600F61941 /* Release */ = {
			isa = XCBuildConfiguration;
			buildSettings = {
				CODE_SIGN_STYLE = Automatic;
				PRODUCT_NAME = "$(TARGET_NAME)";
			};
			name = Release;
		};
/* End XCBuildConfiguration section */

/* Begin XCConfigurationList section */
		D35B8B47211848E600F61941 /* Build configuration list for PBXProject "Campus" */ = {
			isa = XCConfigurationList;
			buildConfigurations = (
				D35B8B51211848E600F61941 /* Debug */,
				D35B8B52211848E600F61941 /* Release */,
			);
			defaultConfigurationIsVisible = 0;
			defaultConfigurationName = Release;
		};
		D35B8B53211848E600F61941 /* Build configuration list for PBXNativeTarget "Campus" */ = {
			isa = XCConfigurationList;
			buildConfigurations = (
				D35B8B54211848E600F61941 /* Debug */,
				D35B8B55211848E600F61941 /* Release */,
			);
			defaultConfigurationIsVisible = 0;
			defaultConfigurationName = Release;
		};
/* End XCConfigurationList section */
	};
	rootObject = D35B8B44211848E600F61941 /* Project object */;
}
